
Microsoft Visual Studio Solution File, Format Version 12.00
# Visual Studio 15
VisualStudioVersion = 15.0.26730.10
MinimumVisualStudioVersion = 10.0.40219.1

Project("{6EC3EE1D-3C4E-46DD-8F32-0CC8E7565705}") = "Funcryption", "Funcryption\Funcryption.fsproj", "{840B0D4E-CD7A-4C86-8EBB-E2688554FEA6}"
EndProject


Project("{F2A71F9B-5D33-465A-A702-920D77279786}") = "Funcryption.iOS", "Funcryption.iOS\Funcryption.iOS.fsproj", "{F92EF390-7B44-44A1-8007-4B3B61652E2F}"
EndProject




Global
	GlobalSection(SolutionConfigurationPlatforms) = preSolution
		Ad-Hoc|Any CPU = Ad-Hoc|Any CPU
		Ad-Hoc|ARM = Ad-Hoc|ARM
		Ad-Hoc|iPhone = Ad-Hoc|iPhone
		Ad-Hoc|iPhoneSimulator = Ad-Hoc|iPhoneSimulator
		Ad-Hoc|x64 = Ad-Hoc|x64
		Ad-Hoc|x86 = Ad-Hoc|x86
		AppStore|Any CPU = AppStore|Any CPU
		AppStore|ARM = AppStore|ARM
		AppStore|iPhone = AppStore|iPhone
		AppStore|iPhoneSimulator = AppStore|iPhoneSimulator
		AppStore|x64 = AppStore|x64
		AppStore|x86 = AppStore|x86
		Debug|Any CPU = Debug|Any CPU
		Debug|ARM = Debug|ARM
		Debug|iPhone = Debug|iPhone
		Debug|iPhoneSimulator = Debug|iPhoneSimulator
		Debug|x64 = Debug|x64
		Debug|x86 = Debug|x86
		Release|Any CPU = Release|Any CPU
		Release|ARM = Release|ARM
		Release|iPhone = Release|iPhone
		Release|iPhoneSimulator = Release|iPhoneSimulator
		Release|x64 = Release|x64
		Release|x86 = Release|x86
	EndGlobalSection
	GlobalSection(ProjectConfigurationPlatforms) = postSolution
		{840B0D4E-CD7A-4C86-8EBB-E2688554FEA6}.Ad-Hoc|Any CPU.ActiveCfg = Debug|Any CPU
		{840B0D4E-CD7A-4C86-8EBB-E2688554FEA6}.Ad-Hoc|Any CPU.Build.0 = Debug|Any CPU
		{840B0D4E-CD7A-4C86-8EBB-E2688554FEA6}.Ad-Hoc|ARM.ActiveCfg = Debug|Any CPU
		{840B0D4E-CD7A-4C86-8EBB-E2688554FEA6}.Ad-Hoc|ARM.Build.0 = Debug|Any CPU
		{840B0D4E-CD7A-4C86-8EBB-E2688554FEA6}.Ad-Hoc|iPhone.ActiveCfg = Debug|Any CPU
		{840B0D4E-CD7A-4C86-8EBB-E2688554FEA6}.Ad-Hoc|iPhone.Build.0 = Debug|Any CPU
		{840B0D4E-CD7A-4C86-8EBB-E2688554FEA6}.Ad-Hoc|iPhoneSimulator.ActiveCfg = Debug|Any CPU
		{840B0D4E-CD7A-4C86-8EBB-E2688554FEA6}.Ad-Hoc|iPhoneSimulator.Build.0 = Debug|Any CPU
		{840B0D4E-CD7A-4C86-8EBB-E2688554FEA6}.Ad-Hoc|x64.ActiveCfg = Debug|Any CPU
		{840B0D4E-CD7A-4C86-8EBB-E2688554FEA6}.Ad-Hoc|x64.Build.0 = Debug|Any CPU
		{840B0D4E-CD7A-4C86-8EBB-E2688554FEA6}.Ad-Hoc|x86.ActiveCfg = Debug|Any CPU
		{840B0D4E-CD7A-4C86-8EBB-E2688554FEA6}.Ad-Hoc|x86.Build.0 = Debug|Any CPU
		{840B0D4E-CD7A-4C86-8EBB-E2688554FEA6}.AppStore|Any CPU.ActiveCfg = Debug|Any CPU
		{840B0D4E-CD7A-4C86-8EBB-E2688554FEA6}.AppStore|Any CPU.Build.0 = Debug|Any CPU
		{840B0D4E-CD7A-4C86-8EBB-E2688554FEA6}.AppStore|ARM.ActiveCfg = Debug|Any CPU
		{840B0D4E-CD7A-4C86-8EBB-E2688554FEA6}.AppStore|ARM.Build.0 = Debug|Any CPU
		{840B0D4E-CD7A-4C86-8EBB-E2688554FEA6}.AppStore|iPhone.ActiveCfg = Debug|Any CPU
		{840B0D4E-CD7A-4C86-8EBB-E2688554FEA6}.AppStore|iPhone.Build.0 = Debug|Any CPU
		{840B0D4E-CD7A-4C86-8EBB-E2688554FEA6}.AppStore|iPhoneSimulator.ActiveCfg = Debug|Any CPU
		{840B0D4E-CD7A-4C86-8EBB-E2688554FEA6}.AppStore|iPhoneSimulator.Build.0 = Debug|Any CPU
		{840B0D4E-CD7A-4C86-8EBB-E2688554FEA6}.AppStore|x64.ActiveCfg = Debug|Any CPU
		{840B0D4E-CD7A-4C86-8EBB-E2688554FEA6}.AppStore|x64.Build.0 = Debug|Any CPU
		{840B0D4E-CD7A-4C86-8EBB-E2688554FEA6}.AppStore|x86.ActiveCfg = Debug|Any CPU
		{840B0D4E-CD7A-4C86-8EBB-E2688554FEA6}.AppStore|x86.Build.0 = Debug|Any CPU
		{840B0D4E-CD7A-4C86-8EBB-E2688554FEA6}.Debug|Any CPU.ActiveCfg = Debug|Any CPU
		{840B0D4E-CD7A-4C86-8EBB-E2688554FEA6}.Debug|Any CPU.Build.0 = Debug|Any CPU
		{840B0D4E-CD7A-4C86-8EBB-E2688554FEA6}.Debug|ARM.ActiveCfg = Debug|Any CPU
		{840B0D4E-CD7A-4C86-8EBB-E2688554FEA6}.Debug|ARM.Build.0 = Debug|Any CPU
		{840B0D4E-CD7A-4C86-8EBB-E2688554FEA6}.Debug|iPhone.ActiveCfg = Debug|Any CPU
		{840B0D4E-CD7A-4C86-8EBB-E2688554FEA6}.Debug|iPhone.Build.0 = Debug|Any CPU
		{840B0D4E-CD7A-4C86-8EBB-E2688554FEA6}.Debug|iPhoneSimulator.ActiveCfg = Debug|Any CPU
		{840B0D4E-CD7A-4C86-8EBB-E2688554FEA6}.Debug|iPhoneSimulator.Build.0 = Debug|Any CPU
		{840B0D4E-CD7A-4C86-8EBB-E2688554FEA6}.Debug|x64.ActiveCfg = Debug|Any CPU
		{840B0D4E-CD7A-4C86-8EBB-E2688554FEA6}.Debug|x64.Build.0 = Debug|Any CPU
		{840B0D4E-CD7A-4C86-8EBB-E2688554FEA6}.Debug|x86.ActiveCfg = Debug|Any CPU
		{840B0D4E-CD7A-4C86-8EBB-E2688554FEA6}.Debug|x86.Build.0 = Debug|Any CPU
		{840B0D4E-CD7A-4C86-8EBB-E2688554FEA6}.Release|Any CPU.ActiveCfg = Release|Any CPU
		{840B0D4E-CD7A-4C86-8EBB-E2688554FEA6}.Release|Any CPU.Build.0 = Release|Any CPU
		{840B0D4E-CD7A-4C86-8EBB-E2688554FEA6}.Release|ARM.ActiveCfg = Release|Any CPU
		{840B0D4E-CD7A-4C86-8EBB-E2688554FEA6}.Release|ARM.Build.0 = Release|Any CPU
		{840B0D4E-CD7A-4C86-8EBB-E2688554FEA6}.Release|iPhone.ActiveCfg = Release|Any CPU
		{840B0D4E-CD7A-4C86-8EBB-E2688554FEA6}.Release|iPhone.Build.0 = Release|Any CPU
		{840B0D4E-CD7A-4C86-8EBB-E2688554FEA6}.Release|iPhoneSimulator.ActiveCfg = Release|Any CPU
		{840B0D4E-CD7A-4C86-8EBB-E2688554FEA6}.Release|iPhoneSimulator.Build.0 = Release|Any CPU
		{840B0D4E-CD7A-4C86-8EBB-E2688554FEA6}.Release|x64.ActiveCfg = Release|Any CPU
		{840B0D4E-CD7A-4C86-8EBB-E2688554FEA6}.Release|x64.Build.0 = Release|Any CPU
		{840B0D4E-CD7A-4C86-8EBB-E2688554FEA6}.Release|x86.ActiveCfg = Release|Any CPU
		{840B0D4E-CD7A-4C86-8EBB-E2688554FEA6}.Release|x86.Build.0 = Release|Any CPU
		{F92EF390-7B44-44A1-8007-4B3B61652E2F}.Ad-Hoc|Any CPU.ActiveCfg = Ad-Hoc|iPhone
		{F92EF390-7B44-44A1-8007-4B3B61652E2F}.Ad-Hoc|ARM.ActiveCfg = Ad-Hoc|iPhone
		{F92EF390-7B44-44A1-8007-4B3B61652E2F}.Ad-Hoc|iPhone.ActiveCfg = Ad-Hoc|iPhone
		{F92EF390-7B44-44A1-8007-4B3B61652E2F}.Ad-Hoc|iPhone.Build.0 = Ad-Hoc|iPhone
		{F92EF390-7B44-44A1-8007-4B3B61652E2F}.Ad-Hoc|iPhoneSimulator.ActiveCfg = Ad-Hoc|iPhoneSimulator
		{F92EF390-7B44-44A1-8007-4B3B61652E2F}.Ad-Hoc|iPhoneSimulator.Build.0 = Ad-Hoc|iPhoneSimulator
		{F92EF390-7B44-44A1-8007-4B3B61652E2F}.Ad-Hoc|x64.ActiveCfg = Ad-Hoc|iPhone
		{F92EF390-7B44-44A1-8007-4B3B61652E2F}.Ad-Hoc|x86.ActiveCfg = Ad-Hoc|iPhone
		{F92EF390-7B44-44A1-8007-4B3B61652E2F}.AppStore|Any CPU.ActiveCfg = AppStore|iPhone
		{F92EF390-7B44-44A1-8007-4B3B61652E2F}.AppStore|ARM.ActiveCfg = AppStore|iPhone
		{F92EF390-7B44-44A1-8007-4B3B61652E2F}.AppStore|iPhone.ActiveCfg = AppStore|iPhone
		{F92EF390-7B44-44A1-8007-4B3B61652E2F}.AppStore|iPhone.Build.0 = AppStore|iPhone
		{F92EF390-7B44-44A1-8007-4B3B61652E2F}.AppStore|iPhoneSimulator.ActiveCfg = AppStore|iPhoneSimulator
		{F92EF390-7B44-44A1-8007-4B3B61652E2F}.AppStore|iPhoneSimulator.Build.0 = AppStore|iPhoneSimulator
		{F92EF390-7B44-44A1-8007-4B3B61652E2F}.AppStore|x64.ActiveCfg = AppStore|iPhone
		{F92EF390-7B44-44A1-8007-4B3B61652E2F}.AppStore|x86.ActiveCfg = AppStore|iPhone
		{F92EF390-7B44-44A1-8007-4B3B61652E2F}.Debug|Any CPU.ActiveCfg = Debug|iPhone
		{F92EF390-7B44-44A1-8007-4B3B61652E2F}.Debug|ARM.ActiveCfg = Debug|iPhone
		{F92EF390-7B44-44A1-8007-4B3B61652E2F}.Debug|iPhone.ActiveCfg = Debug|iPhone
		{F92EF390-7B44-44A1-8007-4B3B61652E2F}.Debug|iPhone.Build.0 = Debug|iPhone
		{F92EF390-7B44-44A1-8007-4B3B61652E2F}.Debug|iPhoneSimulator.ActiveCfg = Debug|iPhoneSimulator
		{F92EF390-7B44-44A1-8007-4B3B61652E2F}.Debug|iPhoneSimulator.Build.0 = Debug|iPhoneSimulator
		{F92EF390-7B44-44A1-8007-4B3B61652E2F}.Debug|x64.ActiveCfg = Debug|iPhone
		{F92EF390-7B44-44A1-8007-4B3B61652E2F}.Debug|x86.ActiveCfg = Debug|iPhone
		{F92EF390-7B44-44A1-8007-4B3B61652E2F}.Release|Any CPU.ActiveCfg = Release|iPhone
		{F92EF390-7B44-44A1-8007-4B3B61652E2F}.Release|ARM.ActiveCfg = Release|iPhone
		{F92EF390-7B44-44A1-8007-4B3B61652E2F}.Release|iPhone.ActiveCfg = Release|iPhone
		{F92EF390-7B44-44A1-8007-4B3B61652E2F}.Release|iPhone.Build.0 = Release|iPhone
		{F92EF390-7B44-44A1-8007-4B3B61652E2F}.Release|iPhoneSimulator.ActiveCfg = Release|iPhoneSimulator
		{F92EF390-7B44-44A1-8007-4B3B61652E2F}.Release|iPhoneSimulator.Build.0 = Release|iPhoneSimulator
		{F92EF390-7B44-44A1-8007-4B3B61652E2F}.Release|x64.ActiveCfg = Release|iPhone
		{F92EF390-7B44-44A1-8007-4B3B61652E2F}.Release|x86.ActiveCfg = Release|iPhone
		{8C3ACF7A-B000-48B2-88F3-7F36BBAD1571}.Ad-Hoc|Any CPU.ActiveCfg = Release|x86
		{8C3ACF7A-B000-48B2-88F3-7F36BBAD1571}.Ad-Hoc|Any CPU.Build.0 = Release|x86
		{8C3ACF7A-B000-48B2-88F3-7F36BBAD1571}.Ad-Hoc|Any CPU.Deploy.0 = Release|x86
		{8C3ACF7A-B000-48B2-88F3-7F36BBAD1571}.Ad-Hoc|ARM.ActiveCfg = Release|ARM
		{8C3ACF7A-B000-48B2-88F3-7F36BBAD1571}.Ad-Hoc|ARM.Build.0 = Release|ARM
		{8C3ACF7A-B000-48B2-88F3-7F36BBAD1571}.Ad-Hoc|ARM.Deploy.0 = Release|ARM
		{8C3ACF7A-B000-48B2-88F3-7F36BBAD1571}.Ad-Hoc|iPhone.ActiveCfg = Release|x86
		{8C3ACF7A-B000-48B2-88F3-7F36BBAD1571}.Ad-Hoc|iPhone.Build.0 = Release|x86
		{8C3ACF7A-B000-48B2-88F3-7F36BBAD1571}.Ad-Hoc|iPhone.Deploy.0 = Release|x86
		{8C3ACF7A-B000-48B2-88F3-7F36BBAD1571}.Ad-Hoc|iPhoneSimulator.ActiveCfg = Release|x86
		{8C3ACF7A-B000-48B2-88F3-7F36BBAD1571}.Ad-Hoc|iPhoneSimulator.Build.0 = Release|x86
		{8C3ACF7A-B000-48B2-88F3-7F36BBAD1571}.Ad-Hoc|iPhoneSimulator.Deploy.0 = Release|x86
		{8C3ACF7A-B000-48B2-88F3-7F36BBAD1571}.Ad-Hoc|x64.ActiveCfg = Release|x64
		{8C3ACF7A-B000-48B2-88F3-7F36BBAD1571}.Ad-Hoc|x64.Build.0 = Release|x64
		{8C3ACF7A-B000-48B2-88F3-7F36BBAD1571}.Ad-Hoc|x64.Deploy.0 = Release|x64
		{8C3ACF7A-B000-48B2-88F3-7F36BBAD1571}.Ad-Hoc|x86.ActiveCfg = Release|x86
		{8C3ACF7A-B000-48B2-88F3-7F36BBAD1571}.Ad-Hoc|x86.Build.0 = Release|x86
		{8C3ACF7A-B000-48B2-88F3-7F36BBAD1571}.Ad-Hoc|x86.Deploy.0 = Release|x86
		{8C3ACF7A-B000-48B2-88F3-7F36BBAD1571}.AppStore|Any CPU.ActiveCfg = Release|x86
		{8C3ACF7A-B000-48B2-88F3-7F36BBAD1571}.AppStore|Any CPU.Build.0 = Release|x86
		{8C3ACF7A-B000-48B2-88F3-7F36BBAD1571}.AppStore|Any CPU.Deploy.0 = Release|x86
		{8C3ACF7A-B000-48B2-88F3-7F36BBAD1571}.AppStore|ARM.ActiveCfg = Release|ARM
		{8C3ACF7A-B000-48B2-88F3-7F36BBAD1571}.AppStore|ARM.Build.0 = Release|ARM
		{8C3ACF7A-B000-48B2-88F3-7F36BBAD1571}.AppStore|ARM.Deploy.0 = Release|ARM
		{8C3ACF7A-B000-48B2-88F3-7F36BBAD1571}.AppStore|iPhone.ActiveCfg = Release|x86
		{8C3ACF7A-B000-48B2-88F3-7F36BBAD1571}.AppStore|iPhone.Build.0 = Release|x86
		{8C3ACF7A-B000-48B2-88F3-7F36BBAD1571}.AppStore|iPhone.Deploy.0 = Release|x86
		{8C3ACF7A-B000-48B2-88F3-7F36BBAD1571}.AppStore|iPhoneSimulator.ActiveCfg = Release|x86
		{8C3ACF7A-B000-48B2-88F3-7F36BBAD1571}.AppStore|iPhoneSimulator.Build.0 = Release|x86
		{8C3ACF7A-B000-48B2-88F3-7F36BBAD1571}.AppStore|iPhoneSimulator.Deploy.0 = Release|x86
		{8C3ACF7A-B000-48B2-88F3-7F36BBAD1571}.AppStore|x64.ActiveCfg = Release|x64
		{8C3ACF7A-B000-48B2-88F3-7F36BBAD1571}.AppStore|x64.Build.0 = Release|x64
		{8C3ACF7A-B000-48B2-88F3-7F36BBAD1571}.AppStore|x64.Deploy.0 = Release|x64
		{8C3ACF7A-B000-48B2-88F3-7F36BBAD1571}.AppStore|x86.ActiveCfg = Release|x86
		{8C3ACF7A-B000-48B2-88F3-7F36BBAD1571}.AppStore|x86.Build.0 = Release|x86
		{8C3ACF7A-B000-48B2-88F3-7F36BBAD1571}.AppStore|x86.Deploy.0 = Release|x86
		{8C3ACF7A-B000-48B2-88F3-7F36BBAD1571}.Debug|Any CPU.ActiveCfg = Debug|x86
		{8C3ACF7A-B000-48B2-88F3-7F36BBAD1571}.Debug|ARM.ActiveCfg = Debug|ARM
		{8C3ACF7A-B000-48B2-88F3-7F36BBAD1571}.Debug|ARM.Build.0 = Debug|ARM
		{8C3ACF7A-B000-48B2-88F3-7F36BBAD1571}.Debug|ARM.Deploy.0 = Debug|ARM
		{8C3ACF7A-B000-48B2-88F3-7F36BBAD1571}.Debug|iPhone.ActiveCfg = Debug|x86
		{8C3ACF7A-B000-48B2-88F3-7F36BBAD1571}.Debug|iPhoneSimulator.ActiveCfg = Debug|x86
		{8C3ACF7A-B000-48B2-88F3-7F36BBAD1571}.Debug|x64.ActiveCfg = Debug|x64
		{8C3ACF7A-B000-48B2-88F3-7F36BBAD1571}.Debug|x64.Build.0 = Debug|x64
		{8C3ACF7A-B000-48B2-88F3-7F36BBAD1571}.Debug|x64.Deploy.0 = Debug|x64
		{8C3ACF7A-B000-48B2-88F3-7F36BBAD1571}.Debug|x86.ActiveCfg = Debug|x86
		{8C3ACF7A-B000-48B2-88F3-7F36BBAD1571}.Debug|x86.Build.0 = Debug|x86
		{8C3ACF7A-B000-48B2-88F3-7F36BBAD1571}.Debug|x86.Deploy.0 = Debug|x86
		{8C3ACF7A-B000-48B2-88F3-7F36BBAD1571}.Release|Any CPU.ActiveCfg = Release|x86
		{8C3ACF7A-B000-48B2-88F3-7F36BBAD1571}.Release|ARM.ActiveCfg = Release|ARM
		{8C3ACF7A-B000-48B2-88F3-7F36BBAD1571}.Release|ARM.Build.0 = Release|ARM
		{8C3ACF7A-B000-48B2-88F3-7F36BBAD1571}.Release|ARM.Deploy.0 = Release|ARM
		{8C3ACF7A-B000-48B2-88F3-7F36BBAD1571}.Release|iPhone.ActiveCfg = Release|x86
		{8C3ACF7A-B000-48B2-88F3-7F36BBAD1571}.Release|iPhoneSimulator.ActiveCfg = Release|x86
		{8C3ACF7A-B000-48B2-88F3-7F36BBAD1571}.Release|x64.ActiveCfg = Release|x64
		{8C3ACF7A-B000-48B2-88F3-7F36BBAD1571}.Release|x64.Build.0 = Release|x64
		{8C3ACF7A-B000-48B2-88F3-7F36BBAD1571}.Release|x64.Deploy.0 = Release|x64
		{8C3ACF7A-B000-48B2-88F3-7F36BBAD1571}.Release|x86.ActiveCfg = Release|x86
		{8C3ACF7A-B000-48B2-88F3-7F36BBAD1571}.Release|x86.Build.0 = Release|x86
		{8C3ACF7A-B000-48B2-88F3-7F36BBAD1571}.Release|x86.Deploy.0 = Release|x86
		{7F553985-8D91-47F7-88E6-02790DE73F8B}.Ad-Hoc|Any CPU.ActiveCfg = Release|Any CPU
		{7F553985-8D91-47F7-88E6-02790DE73F8B}.Ad-Hoc|Any CPU.Build.0 = Release|Any CPU
		{7F553985-8D91-47F7-88E6-02790DE73F8B}.Ad-Hoc|ARM.ActiveCfg = Release|Any CPU
		{7F553985-8D91-47F7-88E6-02790DE73F8B}.Ad-Hoc|ARM.Build.0 = Release|Any CPU
		{7F553985-8D91-47F7-88E6-02790DE73F8B}.Ad-Hoc|iPhone.ActiveCfg = Release|Any CPU
		{7F553985-8D91-47F7-88E6-02790DE73F8B}.Ad-Hoc|iPhone.Build.0 = Release|Any CPU
		{7F553985-8D91-47F7-88E6-02790DE73F8B}.Ad-Hoc|iPhoneSimulator.ActiveCfg = Release|Any CPU
		{7F553985-8D91-47F7-88E6-02790DE73F8B}.Ad-Hoc|iPhoneSimulator.Build.0 = Release|Any CPU
		{7F553985-8D91-47F7-88E6-02790DE73F8B}.Ad-Hoc|x64.ActiveCfg = Release|Any CPU
		{7F553985-8D91-47F7-88E6-02790DE73F8B}.Ad-Hoc|x64.Build.0 = Release|Any CPU
		{7F553985-8D91-47F7-88E6-02790DE73F8B}.Ad-Hoc|x86.ActiveCfg = Release|Any CPU
		{7F553985-8D91-47F7-88E6-02790DE73F8B}.Ad-Hoc|x86.Build.0 = Release|Any CPU
		{7F553985-8D91-47F7-88E6-02790DE73F8B}.AppStore|Any CPU.ActiveCfg = Release|Any CPU
		{7F553985-8D91-47F7-88E6-02790DE73F8B}.AppStore|Any CPU.Build.0 = Release|Any CPU
		{7F553985-8D91-47F7-88E6-02790DE73F8B}.AppStore|ARM.ActiveCfg = Release|Any CPU
		{7F553985-8D91-47F7-88E6-02790DE73F8B}.AppStore|ARM.Build.0 = Release|Any CPU
		{7F553985-8D91-47F7-88E6-02790DE73F8B}.AppStore|iPhone.ActiveCfg = Release|Any CPU
		{7F553985-8D91-47F7-88E6-02790DE73F8B}.AppStore|iPhone.Build.0 = Release|Any CPU
		{7F553985-8D91-47F7-88E6-02790DE73F8B}.AppStore|iPhoneSimulator.ActiveCfg = Release|Any CPU
		{7F553985-8D91-47F7-88E6-02790DE73F8B}.AppStore|iPhoneSimulator.Build.0 = Release|Any CPU
		{7F553985-8D91-47F7-88E6-02790DE73F8B}.AppStore|x64.ActiveCfg = Release|Any CPU
		{7F553985-8D91-47F7-88E6-02790DE73F8B}.AppStore|x64.Build.0 = Release|Any CPU
		{7F553985-8D91-47F7-88E6-02790DE73F8B}.AppStore|x86.ActiveCfg = Release|Any CPU
		{7F553985-8D91-47F7-88E6-02790DE73F8B}.AppStore|x86.Build.0 = Release|Any CPU
		{7F553985-8D91-47F7-88E6-02790DE73F8B}.Debug|Any CPU.ActiveCfg = Debug|Any CPU
		{7F553985-8D91-47F7-88E6-02790DE73F8B}.Debug|Any CPU.Build.0 = Debug|Any CPU
		{7F553985-8D91-47F7-88E6-02790DE73F8B}.Debug|ARM.ActiveCfg = Debug|Any CPU
		{7F553985-8D91-47F7-88E6-02790DE73F8B}.Debug|ARM.Build.0 = Debug|Any CPU
		{7F553985-8D91-47F7-88E6-02790DE73F8B}.Debug|iPhone.ActiveCfg = Debug|Any CPU
		{7F553985-8D91-47F7-88E6-02790DE73F8B}.Debug|iPhone.Build.0 = Debug|Any CPU
		{7F553985-8D91-47F7-88E6-02790DE73F8B}.Debug|iPhoneSimulator.ActiveCfg = Debug|Any CPU
		{7F553985-8D91-47F7-88E6-02790DE73F8B}.Debug|iPhoneSimulator.Build.0 = Debug|Any CPU
		{7F553985-8D91-47F7-88E6-02790DE73F8B}.Debug|x64.ActiveCfg = Debug|Any CPU
		{7F553985-8D91-47F7-88E6-02790DE73F8B}.Debug|x64.Build.0 = Debug|Any CPU
		{7F553985-8D91-47F7-88E6-02790DE73F8B}.Debug|x86.ActiveCfg = Debug|Any CPU
		{7F553985-8D91-47F7-88E6-02790DE73F8B}.Debug|x86.Build.0 = Debug|Any CPU
		{7F553985-8D91-47F7-88E6-02790DE73F8B}.Release|Any CPU.ActiveCfg = Release|Any CPU
		{7F553985-8D91-47F7-88E6-02790DE73F8B}.Release|Any CPU.Build.0 = Release|Any CPU
		{7F553985-8D91-47F7-88E6-02790DE73F8B}.Release|ARM.ActiveCfg = Release|Any CPU
		{7F553985-8D91-47F7-88E6-02790DE73F8B}.Release|ARM.Build.0 = Release|Any CPU
		{7F553985-8D91-47F7-88E6-02790DE73F8B}.Release|iPhone.ActiveCfg = Release|Any CPU
		{7F553985-8D91-47F7-88E6-02790DE73F8B}.Release|iPhone.Build.0 = Release|Any CPU
		{7F553985-8D91-47F7-88E6-02790DE73F8B}.Release|iPhoneSimulator.ActiveCfg = Release|Any CPU
		{7F553985-8D91-47F7-88E6-02790DE73F8B}.Release|iPhoneSimulator.Build.0 = Release|Any CPU
		{7F553985-8D91-47F7-88E6-02790DE73F8B}.Release|x64.ActiveCfg = Release|Any CPU
		{7F553985-8D91-47F7-88E6-02790DE73F8B}.Release|x64.Build.0 = Release|Any CPU
		{7F553985-8D91-47F7-88E6-02790DE73F8B}.Release|x86.ActiveCfg = Release|Any CPU
		{7F553985-8D91-47F7-88E6-02790DE73F8B}.Release|x86.Build.0 = Release|Any CPU
		{6490A67E-259D-4C1E-840F-6FC6EC647380}.Ad-Hoc|Any CPU.ActiveCfg = Release|Any CPU
		{6490A67E-259D-4C1E-840F-6FC6EC647380}.Ad-Hoc|Any CPU.Build.0 = Release|Any CPU
		{6490A67E-259D-4C1E-840F-6FC6EC647380}.Ad-Hoc|ARM.ActiveCfg = Release|Any CPU
		{6490A67E-259D-4C1E-840F-6FC6EC647380}.Ad-Hoc|ARM.Build.0 = Release|Any CPU
		{6490A67E-259D-4C1E-840F-6FC6EC647380}.Ad-Hoc|iPhone.ActiveCfg = Release|Any CPU
		{6490A67E-259D-4C1E-840F-6FC6EC647380}.Ad-Hoc|iPhone.Build.0 = Release|Any CPU
		{6490A67E-259D-4C1E-840F-6FC6EC647380}.Ad-Hoc|iPhoneSimulator.ActiveCfg = Release|Any CPU
		{6490A67E-259D-4C1E-840F-6FC6EC647380}.Ad-Hoc|iPhoneSimulator.Build.0 = Release|Any CPU
		{6490A67E-259D-4C1E-840F-6FC6EC647380}.Ad-Hoc|x64.ActiveCfg = Release|Any CPU
		{6490A67E-259D-4C1E-840F-6FC6EC647380}.Ad-Hoc|x64.Build.0 = Release|Any CPU
		{6490A67E-259D-4C1E-840F-6FC6EC647380}.Ad-Hoc|x86.ActiveCfg = Release|Any CPU
		{6490A67E-259D-4C1E-840F-6FC6EC647380}.Ad-Hoc|x86.Build.0 = Release|Any CPU
		{6490A67E-259D-4C1E-840F-6FC6EC647380}.AppStore|Any CPU.ActiveCfg = Release|Any CPU
		{6490A67E-259D-4C1E-840F-6FC6EC647380}.AppStore|Any CPU.Build.0 = Release|Any CPU
		{6490A67E-259D-4C1E-840F-6FC6EC647380}.AppStore|ARM.ActiveCfg = Release|Any CPU
		{6490A67E-259D-4C1E-840F-6FC6EC647380}.AppStore|ARM.Build.0 = Release|Any CPU
		{6490A67E-259D-4C1E-840F-6FC6EC647380}.AppStore|iPhone.ActiveCfg = Release|Any CPU
		{6490A67E-259D-4C1E-840F-6FC6EC647380}.AppStore|iPhone.Build.0 = Release|Any CPU
		{6490A67E-259D-4C1E-840F-6FC6EC647380}.AppStore|iPhoneSimulator.ActiveCfg = Release|Any CPU
		{6490A67E-259D-4C1E-840F-6FC6EC647380}.AppStore|iPhoneSimulator.Build.0 = Release|Any CPU
		{6490A67E-259D-4C1E-840F-6FC6EC647380}.AppStore|x64.ActiveCfg = Release|Any CPU
		{6490A67E-259D-4C1E-840F-6FC6EC647380}.AppStore|x64.Build.0 = Release|Any CPU
		{6490A67E-259D-4C1E-840F-6FC6EC647380}.AppStore|x86.ActiveCfg = Release|Any CPU
		{6490A67E-259D-4C1E-840F-6FC6EC647380}.AppStore|x86.Build.0 = Release|Any CPU
		{6490A67E-259D-4C1E-840F-6FC6EC647380}.Debug|Any CPU.ActiveCfg = Debug|Any CPU
		{6490A67E-259D-4C1E-840F-6FC6EC647380}.Debug|Any CPU.Build.0 = Debug|Any CPU
		{6490A67E-259D-4C1E-840F-6FC6EC647380}.Debug|ARM.ActiveCfg = Debug|Any CPU
		{6490A67E-259D-4C1E-840F-6FC6EC647380}.Debug|ARM.Build.0 = Debug|Any CPU
		{6490A67E-259D-4C1E-840F-6FC6EC647380}.Debug|iPhone.ActiveCfg = Debug|Any CPU
		{6490A67E-259D-4C1E-840F-6FC6EC647380}.Debug|iPhone.Build.0 = Debug|Any CPU
		{6490A67E-259D-4C1E-840F-6FC6EC647380}.Debug|iPhoneSimulator.ActiveCfg = Debug|Any CPU
		{6490A67E-259D-4C1E-840F-6FC6EC647380}.Debug|iPhoneSimulator.Build.0 = Debug|Any CPU
		{6490A67E-259D-4C1E-840F-6FC6EC647380}.Debug|x64.ActiveCfg = Debug|Any CPU
		{6490A67E-259D-4C1E-840F-6FC6EC647380}.Debug|x64.Build.0 = Debug|Any CPU
		{6490A67E-259D-4C1E-840F-6FC6EC647380}.Debug|x86.ActiveCfg = Debug|Any CPU
		{6490A67E-259D-4C1E-840F-6FC6EC647380}.Debug|x86.Build.0 = Debug|Any CPU
		{6490A67E-259D-4C1E-840F-6FC6EC647380}.Release|Any CPU.ActiveCfg = Release|Any CPU
		{6490A67E-259D-4C1E-840F-6FC6EC647380}.Release|Any CPU.Build.0 = Release|Any CPU
		{6490A67E-259D-4C1E-840F-6FC6EC647380}.Release|ARM.ActiveCfg = Release|Any CPU
		{6490A67E-259D-4C1E-840F-6FC6EC647380}.Release|ARM.Build.0 = Release|Any CPU
		{6490A67E-259D-4C1E-840F-6FC6EC647380}.Release|iPhone.ActiveCfg = Release|Any CPU
		{6490A67E-259D-4C1E-840F-6FC6EC647380}.Release|iPhone.Build.0 = Release|Any CPU
		{6490A67E-259D-4C1E-840F-6FC6EC647380}.Release|iPhoneSimulator.ActiveCfg = Release|Any CPU
		{6490A67E-259D-4C1E-840F-6FC6EC647380}.Release|iPhoneSimulator.Build.0 = Release|Any CPU
		{6490A67E-259D-4C1E-840F-6FC6EC647380}.Release|x64.ActiveCfg = Release|Any CPU
		{6490A67E-259D-4C1E-840F-6FC6EC647380}.Release|x64.Build.0 = Release|Any CPU
		{6490A67E-259D-4C1E-840F-6FC6EC647380}.Release|x86.ActiveCfg = Release|Any CPU
		{6490A67E-259D-4C1E-840F-6FC6EC647380}.Release|x86.Build.0 = Release|Any CPU
		{9D46940F-BC45-4F91-8A6A-DBF4871BB6F2}.Ad-Hoc|Any CPU.ActiveCfg = Release|Any CPU
		{9D46940F-BC45-4F91-8A6A-DBF4871BB6F2}.Ad-Hoc|Any CPU.Build.0 = Release|Any CPU
		{9D46940F-BC45-4F91-8A6A-DBF4871BB6F2}.Ad-Hoc|ARM.ActiveCfg = Release|Any CPU
		{9D46940F-BC45-4F91-8A6A-DBF4871BB6F2}.Ad-Hoc|ARM.Build.0 = Release|Any CPU
		{9D46940F-BC45-4F91-8A6A-DBF4871BB6F2}.Ad-Hoc|iPhone.ActiveCfg = Release|Any CPU
		{9D46940F-BC45-4F91-8A6A-DBF4871BB6F2}.Ad-Hoc|iPhone.Build.0 = Release|Any CPU
		{9D46940F-BC45-4F91-8A6A-DBF4871BB6F2}.Ad-Hoc|iPhoneSimulator.ActiveCfg = Release|Any CPU
		{9D46940F-BC45-4F91-8A6A-DBF4871BB6F2}.Ad-Hoc|iPhoneSimulator.Build.0 = Release|Any CPU
		{9D46940F-BC45-4F91-8A6A-DBF4871BB6F2}.Ad-Hoc|x64.ActiveCfg = Release|Any CPU
		{9D46940F-BC45-4F91-8A6A-DBF4871BB6F2}.Ad-Hoc|x64.Build.0 = Release|Any CPU
		{9D46940F-BC45-4F91-8A6A-DBF4871BB6F2}.Ad-Hoc|x86.ActiveCfg = Release|Any CPU
		{9D46940F-BC45-4F91-8A6A-DBF4871BB6F2}.Ad-Hoc|x86.Build.0 = Release|Any CPU
		{9D46940F-BC45-4F91-8A6A-DBF4871BB6F2}.AppStore|Any CPU.ActiveCfg = Release|Any CPU
		{9D46940F-BC45-4F91-8A6A-DBF4871BB6F2}.AppStore|Any CPU.Build.0 = Release|Any CPU
		{9D46940F-BC45-4F91-8A6A-DBF4871BB6F2}.AppStore|ARM.ActiveCfg = Release|Any CPU
		{9D46940F-BC45-4F91-8A6A-DBF4871BB6F2}.AppStore|ARM.Build.0 = Release|Any CPU
		{9D46940F-BC45-4F91-8A6A-DBF4871BB6F2}.AppStore|iPhone.ActiveCfg = Release|Any CPU
		{9D46940F-BC45-4F91-8A6A-DBF4871BB6F2}.AppStore|iPhone.Build.0 = Release|Any CPU
		{9D46940F-BC45-4F91-8A6A-DBF4871BB6F2}.AppStore|iPhoneSimulator.ActiveCfg = Release|Any CPU
		{9D46940F-BC45-4F91-8A6A-DBF4871BB6F2}.AppStore|iPhoneSimulator.Build.0 = Release|Any CPU
		{9D46940F-BC45-4F91-8A6A-DBF4871BB6F2}.AppStore|x64.ActiveCfg = Release|Any CPU
		{9D46940F-BC45-4F91-8A6A-DBF4871BB6F2}.AppStore|x64.Build.0 = Release|Any CPU
		{9D46940F-BC45-4F91-8A6A-DBF4871BB6F2}.AppStore|x86.ActiveCfg = Release|Any CPU
		{9D46940F-BC45-4F91-8A6A-DBF4871BB6F2}.AppStore|x86.Build.0 = Release|Any CPU
		{9D46940F-BC45-4F91-8A6A-DBF4871BB6F2}.Debug|Any CPU.ActiveCfg = Debug|Any CPU
		{9D46940F-BC45-4F91-8A6A-DBF4871BB6F2}.Debug|Any CPU.Build.0 = Debug|Any CPU
		{9D46940F-BC45-4F91-8A6A-DBF4871BB6F2}.Debug|Any CPU.Deploy.0 = Debug|Any CPU
		{9D46940F-BC45-4F91-8A6A-DBF4871BB6F2}.Debug|ARM.ActiveCfg = Debug|Any CPU
		{9D46940F-BC45-4F91-8A6A-DBF4871BB6F2}.Debug|ARM.Build.0 = Debug|Any CPU
		{9D46940F-BC45-4F91-8A6A-DBF4871BB6F2}.Debug|iPhone.ActiveCfg = Debug|Any CPU
		{9D46940F-BC45-4F91-8A6A-DBF4871BB6F2}.Debug|iPhone.Build.0 = Debug|Any CPU
		{9D46940F-BC45-4F91-8A6A-DBF4871BB6F2}.Debug|iPhoneSimulator.ActiveCfg = Debug|Any CPU
		{9D46940F-BC45-4F91-8A6A-DBF4871BB6F2}.Debug|iPhoneSimulator.Build.0 = Debug|Any CPU
		{9D46940F-BC45-4F91-8A6A-DBF4871BB6F2}.Debug|x64.ActiveCfg = Debug|Any CPU
		{9D46940F-BC45-4F91-8A6A-DBF4871BB6F2}.Debug|x64.Build.0 = Debug|Any CPU
		{9D46940F-BC45-4F91-8A6A-DBF4871BB6F2}.Debug|x86.ActiveCfg = Debug|Any CPU
		{9D46940F-BC45-4F91-8A6A-DBF4871BB6F2}.Debug|x86.Build.0 = Debug|Any CPU
		{9D46940F-BC45-4F91-8A6A-DBF4871BB6F2}.Release|Any CPU.ActiveCfg = Release|Any CPU
		{9D46940F-BC45-4F91-8A6A-DBF4871BB6F2}.Release|Any CPU.Build.0 = Release|Any CPU
		{9D46940F-BC45-4F91-8A6A-DBF4871BB6F2}.Release|Any CPU.Deploy.0 = Release|Any CPU
		{9D46940F-BC45-4F91-8A6A-DBF4871BB6F2}.Release|ARM.ActiveCfg = Release|Any CPU
		{9D46940F-BC45-4F91-8A6A-DBF4871BB6F2}.Release|ARM.Build.0 = Release|Any CPU
		{9D46940F-BC45-4F91-8A6A-DBF4871BB6F2}.Release|iPhone.ActiveCfg = Release|Any CPU
		{9D46940F-BC45-4F91-8A6A-DBF4871BB6F2}.Release|iPhone.Build.0 = Release|Any CPU
		{9D46940F-BC45-4F91-8A6A-DBF4871BB6F2}.Release|iPhoneSimulator.ActiveCfg = Release|Any CPU
		{9D46940F-BC45-4F91-8A6A-DBF4871BB6F2}.Release|iPhoneSimulator.Build.0 = Release|Any CPU
		{9D46940F-BC45-4F91-8A6A-DBF4871BB6F2}.Release|x64.ActiveCfg = Release|Any CPU
		{9D46940F-BC45-4F91-8A6A-DBF4871BB6F2}.Release|x64.Build.0 = Release|Any CPU
		{9D46940F-BC45-4F91-8A6A-DBF4871BB6F2}.Release|x86.ActiveCfg = Release|Any CPU
		{9D46940F-BC45-4F91-8A6A-DBF4871BB6F2}.Release|x86.Build.0 = Release|Any CPU
	EndGlobalSection
	GlobalSection(SolutionProperties) = preSolution
		HideSolutionNode = FALSE
	EndGlobalSection
	GlobalSection(ExtensibilityGlobals) = postSolution
		SolutionGuid = {F6D05029-56B8-4E45-AF2D-0E76295DDBA2}
	EndGlobalSection
EndGlobal
