
Microsoft Visual Studio Solution File, Format Version 12.00
# Visual Studio 15
Project("{f2a71f9b-5d33-465a-a702-920d77279786}") = "Funcryption", "Funcryption.fsproj", "{697C0495-6DAF-4AFB-AC08-1DF9D38F3FE8}"
EndProject
Global
	GlobalSection(SolutionConfigurationPlatforms) = preSolution
		Debug|Any CPU = Debug|Any CPU
		Release|Any CPU = Release|Any CPU
	EndGlobalSection
	GlobalSection(ProjectConfigurationPlatforms) = postSolution
		{697C0495-6DAF-4AFB-AC08-1DF9D38F3FE8}.Debug|Any CPU.ActiveCfg = Debug|Any CPU
		{697C0495-6DAF-4AFB-AC08-1DF9D38F3FE8}.Debug|Any CPU.Build.0 = Debug|Any CPU
		{697C0495-6DAF-4AFB-AC08-1DF9D38F3FE8}.Release|Any CPU.ActiveCfg = Release|Any CPU
		{697C0495-6DAF-4AFB-AC08-1DF9D38F3FE8}.Release|Any CPU.Build.0 = Release|Any CPU
	EndGlobalSection
EndGlobal
